// !$*UTF8*$!
{
	archiveVersion = 1;
	classes = {
	};
	objectVersion = 46;
	objects = {

/* Begin PBXBuildFile section */
		C6111EB91ECDD2F700D0A216 /* AppDelegate.swift in Sources */ = {isa = PBXBuildFile; fileRef = C6111EB81ECDD2F700D0A216 /* AppDelegate.swift */; };
		C6111EBB1ECDD2F700D0A216 /* ViewController.swift in Sources */ = {isa = PBXBuildFile; fileRef = C6111EBA1ECDD2F700D0A216 /* ViewController.swift */; };
		C6111EBE1ECDD2F700D0A216 /* Main.storyboard in Resources */ = {isa = PBXBuildFile; fileRef = C6111EBC1ECDD2F700D0A216 /* Main.storyboard */; };
		C6111EC01ECDD2F700D0A216 /* Assets.xcassets in Resources */ = {isa = PBXBuildFile; fileRef = C6111EBF1ECDD2F700D0A216 /* Assets.xcassets */; };
		C6111EC31ECDD2F700D0A216 /* LaunchScreen.storyboard in Resources */ = {isa = PBXBuildFile; fileRef = C6111EC11ECDD2F700D0A216 /* LaunchScreen.storyboard */; };
		C6111ECE1ECDD2F700D0A216 /* KVLLoggerTests.swift in Sources */ = {isa = PBXBuildFile; fileRef = C6111ECD1ECDD2F700D0A216 /* KVLLoggerTests.swift */; };
		C6111ED91ECDD2F700D0A216 /* KVLLoggerUITests.swift in Sources */ = {isa = PBXBuildFile; fileRef = C6111ED81ECDD2F700D0A216 /* KVLLoggerUITests.swift */; };
		C6111EE91ECDD35500D0A216 /* KVLLogger.swift in Sources */ = {isa = PBXBuildFile; fileRef = C6111EE81ECDD35500D0A216 /* KVLLogger.swift */; };
		C6111EF31ECDD3FC00D0A216 /* String+Extensions.swift in Sources */ = {isa = PBXBuildFile; fileRef = C6111EED1ECDD3FC00D0A216 /* String+Extensions.swift */; };
		C6111EFA1ECDDC5B00D0A216 /* KVLObjCExceptionGenerator.m in Sources */ = {isa = PBXBuildFile; fileRef = C6111EF91ECDDC5B00D0A216 /* KVLObjCExceptionGenerator.m */; };
		C6111EFC1ECDEFC500D0A216 /* KVLLogger.podspec in Resources */ = {isa = PBXBuildFile; fileRef = C6111EFB1ECDEFC500D0A216 /* KVLLogger.podspec */; };
		C6111F001ED1733100D0A216 /* LICENSE in Resources */ = {isa = PBXBuildFile; fileRef = C6111EFE1ED1733100D0A216 /* LICENSE */; };
		C6111F011ED1733100D0A216 /* README.md in Sources */ = {isa = PBXBuildFile; fileRef = C6111EFF1ED1733100D0A216 /* README.md */; };
/* End PBXBuildFile section */

/* Begin PBXContainerItemProxy section */
		C6111ECA1ECDD2F700D0A216 /* PBXContainerItemProxy */ = {
			isa = PBXContainerItemProxy;
			containerPortal = C6111EAD1ECDD2F700D0A216 /* Project object */;
			proxyType = 1;
			remoteGlobalIDString = C6111EB41ECDD2F700D0A216;
			remoteInfo = KVLLogger;
		};
		C6111ED51ECDD2F700D0A216 /* PBXContainerItemProxy */ = {
			isa = PBXContainerItemProxy;
			containerPortal = C6111EAD1ECDD2F700D0A216 /* Project object */;
			proxyType = 1;
			remoteGlobalIDString = C6111EB41ECDD2F700D0A216;
			remoteInfo = KVLLogger;
		};
/* End PBXContainerItemProxy section */

/* Begin PBXFileReference section */
		C6111EB51ECDD2F700D0A216 /* KVLLogger.app */ = {isa = PBXFileReference; explicitFileType = wrapper.application; includeInIndex = 0; path = KVLLogger.app; sourceTree = BUILT_PRODUCTS_DIR; };
		C6111EB81ECDD2F700D0A216 /* AppDelegate.swift */ = {isa = PBXFileReference; lastKnownFileType = sourcecode.swift; path = AppDelegate.swift; sourceTree = "<group>"; };
		C6111EBA1ECDD2F700D0A216 /* ViewController.swift */ = {isa = PBXFileReference; lastKnownFileType = sourcecode.swift; path = ViewController.swift; sourceTree = "<group>"; };
		C6111EBD1ECDD2F700D0A216 /* Base */ = {isa = PBXFileReference; lastKnownFileType = file.storyboard; name = Base; path = Base.lproj/Main.storyboard; sourceTree = "<group>"; };
		C6111EBF1ECDD2F700D0A216 /* Assets.xcassets */ = {isa = PBXFileReference; lastKnownFileType = folder.assetcatalog; path = Assets.xcassets; sourceTree = "<group>"; };
		C6111EC21ECDD2F700D0A216 /* Base */ = {isa = PBXFileReference; lastKnownFileType = file.storyboard; name = Base; path = Base.lproj/LaunchScreen.storyboard; sourceTree = "<group>"; };
		C6111EC41ECDD2F700D0A216 /* Info.plist */ = {isa = PBXFileReference; lastKnownFileType = text.plist.xml; path = Info.plist; sourceTree = "<group>"; };
		C6111EC91ECDD2F700D0A216 /* KVLLoggerTests.xctest */ = {isa = PBXFileReference; explicitFileType = wrapper.cfbundle; includeInIndex = 0; path = KVLLoggerTests.xctest; sourceTree = BUILT_PRODUCTS_DIR; };
		C6111ECD1ECDD2F700D0A216 /* KVLLoggerTests.swift */ = {isa = PBXFileReference; lastKnownFileType = sourcecode.swift; path = KVLLoggerTests.swift; sourceTree = "<group>"; };
		C6111ECF1ECDD2F700D0A216 /* Info.plist */ = {isa = PBXFileReference; lastKnownFileType = text.plist.xml; path = Info.plist; sourceTree = "<group>"; };
		C6111ED41ECDD2F700D0A216 /* KVLLoggerUITests.xctest */ = {isa = PBXFileReference; explicitFileType = wrapper.cfbundle; includeInIndex = 0; path = KVLLoggerUITests.xctest; sourceTree = BUILT_PRODUCTS_DIR; };
		C6111ED81ECDD2F700D0A216 /* KVLLoggerUITests.swift */ = {isa = PBXFileReference; lastKnownFileType = sourcecode.swift; path = KVLLoggerUITests.swift; sourceTree = "<group>"; };
		C6111EDA1ECDD2F700D0A216 /* Info.plist */ = {isa = PBXFileReference; lastKnownFileType = text.plist.xml; path = Info.plist; sourceTree = "<group>"; };
		C6111EE81ECDD35500D0A216 /* KVLLogger.swift */ = {isa = PBXFileReference; fileEncoding = 4; lastKnownFileType = sourcecode.swift; path = KVLLogger.swift; sourceTree = "<group>"; };
		C6111EED1ECDD3FC00D0A216 /* String+Extensions.swift */ = {isa = PBXFileReference; fileEncoding = 4; lastKnownFileType = sourcecode.swift; path = "String+Extensions.swift"; sourceTree = "<group>"; };
		C6111EF71ECDDC5A00D0A216 /* KVLLogger-Bridging-Header.h */ = {isa = PBXFileReference; lastKnownFileType = sourcecode.c.h; path = "KVLLogger-Bridging-Header.h"; sourceTree = "<group>"; };
		C6111EF81ECDDC5B00D0A216 /* KVLObjCExceptionGenerator.h */ = {isa = PBXFileReference; fileEncoding = 4; lastKnownFileType = sourcecode.c.h; path = KVLObjCExceptionGenerator.h; sourceTree = "<group>"; };
		C6111EF91ECDDC5B00D0A216 /* KVLObjCExceptionGenerator.m */ = {isa = PBXFileReference; fileEncoding = 4; lastKnownFileType = sourcecode.c.objc; path = KVLObjCExceptionGenerator.m; sourceTree = "<group>"; };
		C6111EFB1ECDEFC500D0A216 /* KVLLogger.podspec */ = {isa = PBXFileReference; fileEncoding = 4; lastKnownFileType = text; path = KVLLogger.podspec; sourceTree = "<group>"; };
		C6111EFE1ED1733100D0A216 /* LICENSE */ = {isa = PBXFileReference; fileEncoding = 4; lastKnownFileType = text; path = LICENSE; sourceTree = "<group>"; };
		C6111EFF1ED1733100D0A216 /* README.md */ = {isa = PBXFileReference; fileEncoding = 4; lastKnownFileType = net.daringfireball.markdown; path = README.md; sourceTree = "<group>"; };
/* End PBXFileReference section */

/* Begin PBXFrameworksBuildPhase section */
		C6111EB21ECDD2F700D0A216 /* Frameworks */ = {
			isa = PBXFrameworksBuildPhase;
			buildActionMask = 2147483647;
			files = (
			);
			runOnlyForDeploymentPostprocessing = 0;
		};
		C6111EC61ECDD2F700D0A216 /* Frameworks */ = {
			isa = PBXFrameworksBuildPhase;
			buildActionMask = 2147483647;
			files = (
			);
			runOnlyForDeploymentPostprocessing = 0;
		};
		C6111ED11ECDD2F700D0A216 /* Frameworks */ = {
			isa = PBXFrameworksBuildPhase;
			buildActionMask = 2147483647;
			files = (
			);
			runOnlyForDeploymentPostprocessing = 0;
		};
/* End PBXFrameworksBuildPhase section */

/* Begin PBXGroup section */
		C6111EAC1ECDD2F700D0A216 = {
			isa = PBXGroup;
			children = (
				C6111EFD1ED1731900D0A216 /* Spec */,
				C6111EE61ECDD35500D0A216 /* KVLLogger */,
				C6111EB71ECDD2F700D0A216 /* KVLLogger */,
				C6111ECC1ECDD2F700D0A216 /* KVLLoggerTests */,
				C6111ED71ECDD2F700D0A216 /* KVLLoggerUITests */,
				C6111EB61ECDD2F700D0A216 /* Products */,
			);
			sourceTree = "<group>";
		};
		C6111EB61ECDD2F700D0A216 /* Products */ = {
			isa = PBXGroup;
			children = (
				C6111EB51ECDD2F700D0A216 /* KVLLogger.app */,
				C6111EC91ECDD2F700D0A216 /* KVLLoggerTests.xctest */,
				C6111ED41ECDD2F700D0A216 /* KVLLoggerUITests.xctest */,
			);
			name = Products;
			sourceTree = "<group>";
		};
		C6111EB71ECDD2F700D0A216 /* KVLLogger */ = {
			isa = PBXGroup;
			children = (
				C6111EB81ECDD2F700D0A216 /* AppDelegate.swift */,
				C6111EBA1ECDD2F700D0A216 /* ViewController.swift */,
				C6111EBC1ECDD2F700D0A216 /* Main.storyboard */,
				C6111EBF1ECDD2F700D0A216 /* Assets.xcassets */,
				C6111EC11ECDD2F700D0A216 /* LaunchScreen.storyboard */,
				C6111EC41ECDD2F700D0A216 /* Info.plist */,
				C6111EF81ECDDC5B00D0A216 /* KVLObjCExceptionGenerator.h */,
				C6111EF91ECDDC5B00D0A216 /* KVLObjCExceptionGenerator.m */,
				C6111EF71ECDDC5A00D0A216 /* KVLLogger-Bridging-Header.h */,
			);
			path = KVLLogger;
			sourceTree = "<group>";
		};
		C6111ECC1ECDD2F700D0A216 /* KVLLoggerTests */ = {
			isa = PBXGroup;
			children = (
				C6111ECD1ECDD2F700D0A216 /* KVLLoggerTests.swift */,
				C6111ECF1ECDD2F700D0A216 /* Info.plist */,
			);
			path = KVLLoggerTests;
			sourceTree = "<group>";
		};
		C6111ED71ECDD2F700D0A216 /* KVLLoggerUITests */ = {
			isa = PBXGroup;
			children = (
				C6111ED81ECDD2F700D0A216 /* KVLLoggerUITests.swift */,
				C6111EDA1ECDD2F700D0A216 /* Info.plist */,
			);
			path = KVLLoggerUITests;
			sourceTree = "<group>";
		};
		C6111EE61ECDD35500D0A216 /* KVLLogger */ = {
			isa = PBXGroup;
			children = (
				C6111EEA1ECDD3FC00D0A216 /* Extensions */,
				C6111EE71ECDD35500D0A216 /* Classes */,
			);
			name = KVLLogger;
			path = KVLLogger/KVLLogger;
			sourceTree = "<group>";
		};
		C6111EE71ECDD35500D0A216 /* Classes */ = {
			isa = PBXGroup;
			children = (
				C6111EE81ECDD35500D0A216 /* KVLLogger.swift */,
			);
			path = Classes;
			sourceTree = "<group>";
		};
		C6111EEA1ECDD3FC00D0A216 /* Extensions */ = {
			isa = PBXGroup;
			children = (
				C6111EED1ECDD3FC00D0A216 /* String+Extensions.swift */,
			);
			path = Extensions;
			sourceTree = "<group>";
		};
		C6111EFD1ED1731900D0A216 /* Spec */ = {
			isa = PBXGroup;
			children = (
				C6111EFE1ED1733100D0A216 /* LICENSE */,
				C6111EFF1ED1733100D0A216 /* README.md */,
				C6111EFB1ECDEFC500D0A216 /* KVLLogger.podspec */,
			);
			name = Spec;
			sourceTree = "<group>";
		};
/* End PBXGroup section */

/* Begin PBXNativeTarget section */
		C6111EB41ECDD2F700D0A216 /* KVLLogger */ = {
			isa = PBXNativeTarget;
			buildConfigurationList = C6111EDD1ECDD2F700D0A216 /* Build configuration list for PBXNativeTarget "KVLLogger" */;
			buildPhases = (
				C6111EB11ECDD2F700D0A216 /* Sources */,
				C6111EB21ECDD2F700D0A216 /* Frameworks */,
				C6111EB31ECDD2F700D0A216 /* Resources */,
			);
			buildRules = (
			);
			dependencies = (
			);
			name = KVLLogger;
			productName = KVLLogger;
			productReference = C6111EB51ECDD2F700D0A216 /* KVLLogger.app */;
			productType = "com.apple.product-type.application";
		};
		C6111EC81ECDD2F700D0A216 /* KVLLoggerTests */ = {
			isa = PBXNativeTarget;
			buildConfigurationList = C6111EE01ECDD2F700D0A216 /* Build configuration list for PBXNativeTarget "KVLLoggerTests" */;
			buildPhases = (
				C6111EC51ECDD2F700D0A216 /* Sources */,
				C6111EC61ECDD2F700D0A216 /* Frameworks */,
				C6111EC71ECDD2F700D0A216 /* Resources */,
			);
			buildRules = (
			);
			dependencies = (
				C6111ECB1ECDD2F700D0A216 /* PBXTargetDependency */,
			);
			name = KVLLoggerTests;
			productName = KVLLoggerTests;
			productReference = C6111EC91ECDD2F700D0A216 /* KVLLoggerTests.xctest */;
			productType = "com.apple.product-type.bundle.unit-test";
		};
		C6111ED31ECDD2F700D0A216 /* KVLLoggerUITests */ = {
			isa = PBXNativeTarget;
			buildConfigurationList = C6111EE31ECDD2F700D0A216 /* Build configuration list for PBXNativeTarget "KVLLoggerUITests" */;
			buildPhases = (
				C6111ED01ECDD2F700D0A216 /* Sources */,
				C6111ED11ECDD2F700D0A216 /* Frameworks */,
				C6111ED21ECDD2F700D0A216 /* Resources */,
			);
			buildRules = (
			);
			dependencies = (
				C6111ED61ECDD2F700D0A216 /* PBXTargetDependency */,
			);
			name = KVLLoggerUITests;
			productName = KVLLoggerUITests;
			productReference = C6111ED41ECDD2F700D0A216 /* KVLLoggerUITests.xctest */;
			productType = "com.apple.product-type.bundle.ui-testing";
		};
/* End PBXNativeTarget section */

/* Begin PBXProject section */
		C6111EAD1ECDD2F700D0A216 /* Project object */ = {
			isa = PBXProject;
			attributes = {
				LastSwiftUpdateCheck = 0830;
				LastUpgradeCheck = 0830;
				ORGANIZATIONNAME = "Misha Koval";
				TargetAttributes = {
					C6111EB41ECDD2F700D0A216 = {
						CreatedOnToolsVersion = 8.3.2;
						LastSwiftMigration = 0830;
						ProvisioningStyle = Automatic;
					};
					C6111EC81ECDD2F700D0A216 = {
						CreatedOnToolsVersion = 8.3.2;
						ProvisioningStyle = Automatic;
						TestTargetID = C6111EB41ECDD2F700D0A216;
					};
					C6111ED31ECDD2F700D0A216 = {
						CreatedOnToolsVersion = 8.3.2;
						ProvisioningStyle = Automatic;
						TestTargetID = C6111EB41ECDD2F700D0A216;
					};
				};
			};
			buildConfigurationList = C6111EB01ECDD2F700D0A216 /* Build configuration list for PBXProject "KVLLogger" */;
			compatibilityVersion = "Xcode 3.2";
			developmentRegion = English;
			hasScannedForEncodings = 0;
			knownRegions = (
				en,
				Base,
			);
			mainGroup = C6111EAC1ECDD2F700D0A216;
			productRefGroup = C6111EB61ECDD2F700D0A216 /* Products */;
			projectDirPath = "";
			projectRoot = "";
			targets = (
				C6111EB41ECDD2F700D0A216 /* KVLLogger */,
				C6111EC81ECDD2F700D0A216 /* KVLLoggerTests */,
				C6111ED31ECDD2F700D0A216 /* KVLLoggerUITests */,
			);
		};
/* End PBXProject section */

/* Begin PBXResourcesBuildPhase section */
		C6111EB31ECDD2F700D0A216 /* Resources */ = {
			isa = PBXResourcesBuildPhase;
			buildActionMask = 2147483647;
			files = (
				C6111EC31ECDD2F700D0A216 /* LaunchScreen.storyboard in Resources */,
				C6111EC01ECDD2F700D0A216 /* Assets.xcassets in Resources */,
				C6111EFC1ECDEFC500D0A216 /* KVLLogger.podspec in Resources */,
				C6111EBE1ECDD2F700D0A216 /* Main.storyboard in Resources */,
				C6111F001ED1733100D0A216 /* LICENSE in Resources */,
			);
			runOnlyForDeploymentPostprocessing = 0;
		};
		C6111EC71ECDD2F700D0A216 /* Resources */ = {
			isa = PBXResourcesBuildPhase;
			buildActionMask = 2147483647;
			files = (
			);
			runOnlyForDeploymentPostprocessing = 0;
		};
		C6111ED21ECDD2F700D0A216 /* Resources */ = {
			isa = PBXResourcesBuildPhase;
			buildActionMask = 2147483647;
			files = (
			);
			runOnlyForDeploymentPostprocessing = 0;
		};
/* End PBXResourcesBuildPhase section */

/* Begin PBXSourcesBuildPhase section */
		C6111EB11ECDD2F700D0A216 /* Sources */ = {
			isa = PBXSourcesBuildPhase;
			buildActionMask = 2147483647;
			files = (
				C6111F011ED1733100D0A216 /* README.md in Sources */,
				C6111EE91ECDD35500D0A216 /* KVLLogger.swift in Sources */,
				C6111EBB1ECDD2F700D0A216 /* ViewController.swift in Sources */,
				C6111EF31ECDD3FC00D0A216 /* String+Extensions.swift in Sources */,
				C6111EFA1ECDDC5B00D0A216 /* KVLObjCExceptionGenerator.m in Sources */,
				C6111EB91ECDD2F700D0A216 /* AppDelegate.swift in Sources */,
			);
			runOnlyForDeploymentPostprocessing = 0;
		};
		C6111EC51ECDD2F700D0A216 /* Sources */ = {
			isa = PBXSourcesBuildPhase;
			buildActionMask = 2147483647;
			files = (
				C6111ECE1ECDD2F700D0A216 /* KVLLoggerTests.swift in Sources */,
			);
			runOnlyForDeploymentPostprocessing = 0;
		};
		C6111ED01ECDD2F700D0A216 /* Sources */ = {
			isa = PBXSourcesBuildPhase;
			buildActionMask = 2147483647;
			files = (
				C6111ED91ECDD2F700D0A216 /* KVLLoggerUITests.swift in Sources */,
			);
			runOnlyForDeploymentPostprocessing = 0;
		};
/* End PBXSourcesBuildPhase section */

/* Begin PBXTargetDependency section */
		C6111ECB1ECDD2F700D0A216 /* PBXTargetDependency */ = {
			isa = PBXTargetDependency;
			target = C6111EB41ECDD2F700D0A216 /* KVLLogger */;
			targetProxy = C6111ECA1ECDD2F700D0A216 /* PBXContainerItemProxy */;
		};
		C6111ED61ECDD2F700D0A216 /* PBXTargetDependency */ = {
			isa = PBXTargetDependency;
			target = C6111EB41ECDD2F700D0A216 /* KVLLogger */;
			targetProxy = C6111ED51ECDD2F700D0A216 /* PBXContainerItemProxy */;
		};
/* End PBXTargetDependency section */

/* Begin PBXVariantGroup section */
		C6111EBC1ECDD2F700D0A216 /* Main.storyboard */ = {
			isa = PBXVariantGroup;
			children = (
				C6111EBD1ECDD2F700D0A216 /* Base */,
			);
			name = Main.storyboard;
			sourceTree = "<group>";
		};
		C6111EC11ECDD2F700D0A216 /* LaunchScreen.storyboard */ = {
			isa = PBXVariantGroup;
			children = (
				C6111EC21ECDD2F700D0A216 /* Base */,
			);
			name = LaunchScreen.storyboard;
			sourceTree = "<group>";
		};
/* End PBXVariantGroup section */

/* Begin XCBuildConfiguration section */
		C6111EDB1ECDD2F700D0A216 /* Debug */ = {
			isa = XCBuildConfiguration;
			buildSettings = {
				ALWAYS_SEARCH_USER_PATHS = NO;
				CLANG_ANALYZER_NONNULL = YES;
				CLANG_ANALYZER_NUMBER_OBJECT_CONVERSION = YES_AGGRESSIVE;
				CLANG_CXX_LANGUAGE_STANDARD = "gnu++0x";
				CLANG_CXX_LIBRARY = "libc++";
				CLANG_ENABLE_MODULES = YES;
				CLANG_ENABLE_OBJC_ARC = YES;
				CLANG_WARN_BOOL_CONVERSION = YES;
				CLANG_WARN_CONSTANT_CONVERSION = YES;
				CLANG_WARN_DIRECT_OBJC_ISA_USAGE = YES_ERROR;
				CLANG_WARN_DOCUMENTATION_COMMENTS = YES;
				CLANG_WARN_EMPTY_BODY = YES;
				CLANG_WARN_ENUM_CONVERSION = YES;
				CLANG_WARN_INFINITE_RECURSION = YES;
				CLANG_WARN_INT_CONVERSION = YES;
				CLANG_WARN_OBJC_ROOT_CLASS = YES_ERROR;
				CLANG_WARN_SUSPICIOUS_MOVE = YES;
				CLANG_WARN_UNREACHABLE_CODE = YES;
				CLANG_WARN__DUPLICATE_METHOD_MATCH = YES;
				"CODE_SIGN_IDENTITY[sdk=iphoneos*]" = "iPhone Developer";
				COPY_PHASE_STRIP = NO;
				DEBUG_INFORMATION_FORMAT = dwarf;
				ENABLE_STRICT_OBJC_MSGSEND = YES;
				ENABLE_TESTABILITY = YES;
				GCC_C_LANGUAGE_STANDARD = gnu99;
				GCC_DYNAMIC_NO_PIC = NO;
				GCC_NO_COMMON_BLOCKS = YES;
				GCC_OPTIMIZATION_LEVEL = 0;
				GCC_PREPROCESSOR_DEFINITIONS = (
					"DEBUG=1",
					"$(inherited)",
				);
				GCC_WARN_64_TO_32_BIT_CONVERSION = YES;
				GCC_WARN_ABOUT_RETURN_TYPE = YES_ERROR;
				GCC_WARN_UNDECLARED_SELECTOR = YES;
				GCC_WARN_UNINITIALIZED_AUTOS = YES_AGGRESSIVE;
				GCC_WARN_UNUSED_FUNCTION = YES;
				GCC_WARN_UNUSED_VARIABLE = YES;
				IPHONEOS_DEPLOYMENT_TARGET = 10.3;
				MTL_ENABLE_DEBUG_INFO = YES;
				ONLY_ACTIVE_ARCH = YES;
				SDKROOT = iphoneos;
				SWIFT_ACTIVE_COMPILATION_CONDITIONS = DEBUG;
				SWIFT_OPTIMIZATION_LEVEL = "-Onone";
				TARGETED_DEVICE_FAMILY = "1,2";
			};
			name = Debug;
		};
		C6111EDC1ECDD2F700D0A216 /* Release */ = {
			isa = XCBuildConfiguration;
			buildSettings = {
				ALWAYS_SEARCH_USER_PATHS = NO;
				CLANG_ANALYZER_NONNULL = YES;
				CLANG_ANALYZER_NUMBER_OBJECT_CONVERSION = YES_AGGRESSIVE;
				CLANG_CXX_LANGUAGE_STANDARD = "gnu++0x";
				CLANG_CXX_LIBRARY = "libc++";
				CLANG_ENABLE_MODULES = YES;
				CLANG_ENABLE_OBJC_ARC = YES;
				CLANG_WARN_BOOL_CONVERSION = YES;
				CLANG_WARN_CONSTANT_CONVERSION = YES;
				CLANG_WARN_DIRECT_OBJC_ISA_USAGE = YES_ERROR;
				CLANG_WARN_DOCUMENTATION_COMMENTS = YES;
				CLANG_WARN_EMPTY_BODY = YES;
				CLANG_WARN_ENUM_CONVERSION = YES;
				CLANG_WARN_INFINITE_RECURSION = YES;
				CLANG_WARN_INT_CONVERSION = YES;
				CLANG_WARN_OBJC_ROOT_CLASS = YES_ERROR;
				CLANG_WARN_SUSPICIOUS_MOVE = YES;
				CLANG_WARN_UNREACHABLE_CODE = YES;
				CLANG_WARN__DUPLICATE_METHOD_MATCH = YES;
				"CODE_SIGN_IDENTITY[sdk=iphoneos*]" = "iPhone Developer";
				COPY_PHASE_STRIP = NO;
				DEBUG_INFORMATION_FORMAT = "dwarf-with-dsym";
				ENABLE_NS_ASSERTIONS = NO;
				ENABLE_STRICT_OBJC_MSGSEND = YES;
				GCC_C_LANGUAGE_STANDARD = gnu99;
				GCC_NO_COMMON_BLOCKS = YES;
				GCC_WARN_64_TO_32_BIT_CONVERSION = YES;
				GCC_WARN_ABOUT_RETURN_TYPE = YES_ERROR;
				GCC_WARN_UNDECLARED_SELECTOR = YES;
				GCC_WARN_UNINITIALIZED_AUTOS = YES_AGGRESSIVE;
				GCC_WARN_UNUSED_FUNCTION = YES;
				GCC_WARN_UNUSED_VARIABLE = YES;
				IPHONEOS_DEPLOYMENT_TARGET = 10.3;
				MTL_ENABLE_DEBUG_INFO = NO;
				SDKROOT = iphoneos;
				SWIFT_OPTIMIZATION_LEVEL = "-Owholemodule";
				TARGETED_DEVICE_FAMILY = "1,2";
				VALIDATE_PRODUCT = YES;
			};
			name = Release;
		};
		C6111EDE1ECDD2F700D0A216 /* Debug */ = {
			isa = XCBuildConfiguration;
			buildSettings = {
				ASSETCATALOG_COMPILER_APPICON_NAME = AppIcon;
				CLANG_ENABLE_MODULES = YES;
				INFOPLIST_FILE = KVLLogger/Info.plist;
				LD_RUNPATH_SEARCH_PATHS = "$(inherited) @executable_path/Frameworks";
				PRODUCT_BUNDLE_IDENTIFIER = la.gis.KVLLogger;
				PRODUCT_NAME = "$(TARGET_NAME)";
				SWIFT_OBJC_BRIDGING_HEADER = "KVLLogger/KVLLogger-Bridging-Header.h";
				SWIFT_OPTIMIZATION_LEVEL = "-Onone";
				SWIFT_VERSION = 3.0;
			};
			name = Debug;
		};
		C6111EDF1ECDD2F700D0A216 /* Release */ = {
			isa = XCBuildConfiguration;
			buildSettings = {
				ASSETCATALOG_COMPILER_APPICON_NAME = AppIcon;
				CLANG_ENABLE_MODULES = YES;
				INFOPLIST_FILE = KVLLogger/Info.plist;
				LD_RUNPATH_SEARCH_PATHS = "$(inherited) @executable_path/Frameworks";
				PRODUCT_BUNDLE_IDENTIFIER = la.gis.KVLLogger;
				PRODUCT_NAME = "$(TARGET_NAME)";
				SWIFT_OBJC_BRIDGING_HEADER = "KVLLogger/KVLLogger-Bridging-Header.h";
				SWIFT_VERSION = 3.0;
			};
			name = Release;
		};
		C6111EE11ECDD2F700D0A216 /* Debug */ = {
			isa = XCBuildConfiguration;
			buildSettings = {
				ALWAYS_EMBED_SWIFT_STANDARD_LIBRARIES = YES;
				BUNDLE_LOADER = "$(TEST_HOST)";
				INFOPLIST_FILE = KVLLoggerTests/Info.plist;
				LD_RUNPATH_SEARCH_PATHS = "$(inherited) @executable_path/Frameworks @loader_path/Frameworks";
				PRODUCT_BUNDLE_IDENTIFIER = la.gis.KVLLoggerTests;
				PRODUCT_NAME = "$(TARGET_NAME)";
				SWIFT_VERSION = 3.0;
				TEST_HOST = "$(BUILT_PRODUCTS_DIR)/KVLLogger.app/KVLLogger";
			};
			name = Debug;
		};
		C6111EE21ECDD2F700D0A216 /* Release */ = {
			isa = XCBuildConfiguration;
			buildSettings = {
				ALWAYS_EMBED_SWIFT_STANDARD_LIBRARIES = YES;
				BUNDLE_LOADER = "$(TEST_HOST)";
				INFOPLIST_FILE = KVLLoggerTests/Info.plist;
				LD_RUNPATH_SEARCH_PATHS = "$(inherited) @executable_path/Frameworks @loader_path/Frameworks";
				PRODUCT_BUNDLE_IDENTIFIER = la.gis.KVLLoggerTests;
				PRODUCT_NAME = "$(TARGET_NAME)";
				SWIFT_VERSION = 3.0;
				TEST_HOST = "$(BUILT_PRODUCTS_DIR)/KVLLogger.app/KVLLogger";
			};
			name = Release;
		};
		C6111EE41ECDD2F700D0A216 /* Debug */ = {
			isa = XCBuildConfiguration;
			buildSettings = {
				ALWAYS_EMBED_SWIFT_STANDARD_LIBRARIES = YES;
				INFOPLIST_FILE = KVLLoggerUITests/Info.plist;
				LD_RUNPATH_SEARCH_PATHS = "$(inherited) @executable_path/Frameworks @loader_path/Frameworks";
				PRODUCT_BUNDLE_IDENTIFIER = la.gis.KVLLoggerUITests;
				PRODUCT_NAME = "$(TARGET_NAME)";
				SWIFT_VERSION = 3.0;
				TEST_TARGET_NAME = KVLLogger;
			};
			name = Debug;
		};
		C6111EE51ECDD2F700D0A216 /* Release */ = {
			isa = XCBuildConfiguration;
			buildSettings = {
				ALWAYS_EMBED_SWIFT_STANDARD_LIBRARIES = YES;
				INFOPLIST_FILE = KVLLoggerUITests/Info.plist;
				LD_RUNPATH_SEARCH_PATHS = "$(inherited) @executable_path/Frameworks @loader_path/Frameworks";
				PRODUCT_BUNDLE_IDENTIFIER = la.gis.KVLLoggerUITests;
				PRODUCT_NAME = "$(TARGET_NAME)";
				SWIFT_VERSION = 3.0;
				TEST_TARGET_NAME = KVLLogger;
			};
			name = Release;
		};
/* End XCBuildConfiguration section */

/* Begin XCConfigurationList section */
		C6111EB01ECDD2F700D0A216 /* Build configuration list for PBXProject "KVLLogger" */ = {
			isa = XCConfigurationList;
			buildConfigurations = (
				C6111EDB1ECDD2F700D0A216 /* Debug */,
				C6111EDC1ECDD2F700D0A216 /* Release */,
			);
			defaultConfigurationIsVisible = 0;
			defaultConfigurationName = Release;
		};
		C6111EDD1ECDD2F700D0A216 /* Build configuration list for PBXNativeTarget "KVLLogger" */ = {
			isa = XCConfigurationList;
			buildConfigurations = (
				C6111EDE1ECDD2F700D0A216 /* Debug */,
				C6111EDF1ECDD2F700D0A216 /* Release */,
			);
			defaultConfigurationIsVisible = 0;
			defaultConfigurationName = Release;
		};
		C6111EE01ECDD2F700D0A216 /* Build configuration list for PBXNativeTarget "KVLLoggerTests" */ = {
			isa = XCConfigurationList;
			buildConfigurations = (
				C6111EE11ECDD2F700D0A216 /* Debug */,
				C6111EE21ECDD2F700D0A216 /* Release */,
			);
			defaultConfigurationIsVisible = 0;
			defaultConfigurationName = Release;
		};
		C6111EE31ECDD2F700D0A216 /* Build configuration list for PBXNativeTarget "KVLLoggerUITests" */ = {
			isa = XCConfigurationList;
			buildConfigurations = (
				C6111EE41ECDD2F700D0A216 /* Debug */,
				C6111EE51ECDD2F700D0A216 /* Release */,
			);
			defaultConfigurationIsVisible = 0;
			defaultConfigurationName = Release;
		};
/* End XCConfigurationList section */
	};
	rootObject = C6111EAD1ECDD2F700D0A216 /* Project object */;
}
